<?xml version="1.0" encoding="utf-8"?>
<Project ToolsVersion="4.0" xmlns="http://schemas.microsoft.com/developer/msbuild/2003">
  <ItemGroup>
    <Filter Include="资源文件">
      <UniqueIdentifier>{67DA6AB6-F800-4c08-8B7A-83BB121AAD01}</UniqueIdentifier>
      <Extensions>rc;ico;cur;bmp;dlg;rc2;rct;bin;rgs;gif;jpg;jpeg;jpe;resx;tiff;tif;png;wav;mfcribbon-ms</Extensions>
    </Filter>
    <Filter Include="inc">
      <UniqueIdentifier>{93995380-89BD-4b04-88EB-625FBE52EBFB}</UniqueIdentifier>
      <Extensions>h;hh;hpp;hxx;hm;inl;inc;ipp;xsd</Extensions>
    </Filter>
    <Filter Include="src">
      <UniqueIdentifier>{4FC737F1-C7A5-4376-A066-2A32D752A2FF}</UniqueIdentifier>
      <Extensions>cpp;c;cc;cxx;def;odl;idl;hpj;bat;asm;asmx</Extensions>
    </Filter>
    <Filter Include="inc\vmLibTime">
      <UniqueIdentifier>{0b64e2af-403e-4685-b77a-e3e416694161}</UniqueIdentifier>
    </Filter>
  </ItemGroup>
  <ItemGroup>
    <ClInclude Include="..\..\src\vmLibTime\CTime.hpp">
      <Filter>inc\vmLibTime</Filter>
    </ClInclude>
    <ClInclude Include="..\..\src\vmLibTime\CTimeStr.h">
      <Filter>inc\vmLibTime</Filter>
    </ClInclude>
    <ClInclude Include="..\..\src\vmLibTime\CTimeStr_Y4_h_MM_h_DD_s_hh_s_mm_s_ss_p_ms.h">
      <Filter>inc\vmLibTime</Filter>
    </ClInclude>
    <ClInclude Include="..\..\src\vmLibTime\CWinCounter.h">
      <Filter>inc\vmLibTime</Filter>
    </ClInclude>
    <ClInclude Include="..\..\src\vmLibTime\vmCfgTime.h">
      <Filter>inc</Filter>
    </ClInclude>
  </ItemGroup>
</Project>