
Microsoft Visual Studio Solution File, Format Version 12.00
# Visual Studio 2013
VisualStudioVersion = 12.0.30501.0
MinimumVisualStudioVersion = 10.0.40219.1
Project("{8BC9CEB8-8B4A-11D0-8D11-00A0C91BC942}") = "vmTools", "prj\vmTools.vcxproj", "{B7B16830-D505-42A7-8E86-E3CB7B0DB916}"
EndProject
Project("{2150E333-8FDC-42A3-9474-1A3956D46DE8}") = "vmToolsTest", "vmToolsTest", "{6E11202D-46B4-43D0-AFAF-90A998E0DB68}"
EndProject
Project("{8BC9CEB8-8B4A-11D0-8D11-00A0C91BC942}") = "tstCSimpleMap", "prj\tstCSimpleMap\tstCSimpleMap.vcxproj", "{8DD873F2-8045-417E-936A-3B656953996A}"
EndProject
Project("{8BC9CEB8-8B4A-11D0-8D11-00A0C91BC942}") = "tstCTestFrame", "prj\tstCTestFrame\tstCTestFrame.vcxproj", "{1C0A4B1C-0A96-4615-8334-B1D254C60E72}"
EndProject
Project("{8BC9CEB8-8B4A-11D0-8D11-00A0C91BC942}") = "tstCError", "prj\tstCError\tstCError.vcxproj", "{3176C8DB-068E-45AC-B3EA-A973DCD5ADAF}"
EndProject
Project("{8BC9CEB8-8B4A-11D0-8D11-00A0C91BC942}") = "tstCBit", "prj\tstCBit\tstCBit.vcxproj", "{5F88AFE5-DA43-4152-9E6B-E13FE7B57C9D}"
EndProject
Project("{8BC9CEB8-8B4A-11D0-8D11-00A0C91BC942}") = "tstMySql", "prj\tstMySql\tstMySql.vcxproj", "{803E4610-9298-45E2-9143-042F229E630C}"
	ProjectSection(ProjectDependencies) = postProject
		{3B914313-437C-49AD-B81A-7C65D2B86EF0} = {3B914313-437C-49AD-B81A-7C65D2B86EF0}
		{82C6A799-68F7-4EB7-85D6-AC9620BD08C4} = {82C6A799-68F7-4EB7-85D6-AC9620BD08C4}
		{BAC189E8-4523-41DE-B3D1-2D8D5557F3C8} = {BAC189E8-4523-41DE-B3D1-2D8D5557F3C8}
	EndProjectSection
EndProject
Project("{2150E333-8FDC-42A3-9474-1A3956D46DE8}") = "vmToolsLib", "vmToolsLib", "{C3EE1740-A81D-46B0-981E-BBAD5F5D84B1}"
EndProject
Project("{8BC9CEB8-8B4A-11D0-8D11-00A0C91BC942}") = "LibComm", "prj\LibComm\LibComm.vcxproj", "{BAC189E8-4523-41DE-B3D1-2D8D5557F3C8}"
EndProject
Project("{8BC9CEB8-8B4A-11D0-8D11-00A0C91BC942}") = "LibCMySql", "prj\LibCMySql\LibCMySql.vcxproj", "{82C6A799-68F7-4EB7-85D6-AC9620BD08C4}"
EndProject
Project("{8BC9CEB8-8B4A-11D0-8D11-00A0C91BC942}") = "LibCTestFrame", "prj\LibTestFrame\LibTestFrame.vcxproj", "{3B914313-437C-49AD-B81A-7C65D2B86EF0}"
EndProject
Project("{8BC9CEB8-8B4A-11D0-8D11-00A0C91BC942}") = "tstDllOfDll", "tst\prj\tstDllOfDll\tstDllOfDll.vcxproj", "{22D66752-629E-4318-9C28-1D956F3E605B}"
EndProject
Project("{8BC9CEB8-8B4A-11D0-8D11-00A0C91BC942}") = "tstExeOfDll", "tst\prj\tstExeOfDll\tstExeOfDll.vcxproj", "{9F79009E-95B5-418F-ACF2-E08A95DAF855}"
	ProjectSection(ProjectDependencies) = postProject
		{22D66752-629E-4318-9C28-1D956F3E605B} = {22D66752-629E-4318-9C28-1D956F3E605B}
	EndProjectSection
EndProject
Project("{8BC9CEB8-8B4A-11D0-8D11-00A0C91BC942}") = "tstLua", "prj\tstLua\tstLua.vcxproj", "{7D986236-52A1-4AF7-B67F-AE3FFFE044F1}"
EndProject
Global
	GlobalSection(SolutionConfigurationPlatforms) = preSolution
		Debug|Any CPU = Debug|Any CPU
		Debug|Mixed Platforms = Debug|Mixed Platforms
		Debug|Win32 = Debug|Win32
		Release|Any CPU = Release|Any CPU
		Release|Mixed Platforms = Release|Mixed Platforms
		Release|Win32 = Release|Win32
	EndGlobalSection
	GlobalSection(ProjectConfigurationPlatforms) = postSolution
		{B7B16830-D505-42A7-8E86-E3CB7B0DB916}.Debug|Any CPU.ActiveCfg = Debug|Win32
		{B7B16830-D505-42A7-8E86-E3CB7B0DB916}.Debug|Mixed Platforms.ActiveCfg = Debug|Win32
		{B7B16830-D505-42A7-8E86-E3CB7B0DB916}.Debug|Mixed Platforms.Build.0 = Debug|Win32
		{B7B16830-D505-42A7-8E86-E3CB7B0DB916}.Debug|Win32.ActiveCfg = Debug|Win32
		{B7B16830-D505-42A7-8E86-E3CB7B0DB916}.Debug|Win32.Build.0 = Debug|Win32
		{B7B16830-D505-42A7-8E86-E3CB7B0DB916}.Release|Any CPU.ActiveCfg = Release|Win32
		{B7B16830-D505-42A7-8E86-E3CB7B0DB916}.Release|Mixed Platforms.ActiveCfg = Release|Win32
		{B7B16830-D505-42A7-8E86-E3CB7B0DB916}.Release|Mixed Platforms.Build.0 = Release|Win32
		{B7B16830-D505-42A7-8E86-E3CB7B0DB916}.Release|Win32.ActiveCfg = Release|Win32
		{B7B16830-D505-42A7-8E86-E3CB7B0DB916}.Release|Win32.Build.0 = Release|Win32
		{8DD873F2-8045-417E-936A-3B656953996A}.Debug|Any CPU.ActiveCfg = Debug|Win32
		{8DD873F2-8045-417E-936A-3B656953996A}.Debug|Mixed Platforms.ActiveCfg = Debug|Win32
		{8DD873F2-8045-417E-936A-3B656953996A}.Debug|Mixed Platforms.Build.0 = Debug|Win32
		{8DD873F2-8045-417E-936A-3B656953996A}.Debug|Win32.ActiveCfg = Debug|Win32
		{8DD873F2-8045-417E-936A-3B656953996A}.Debug|Win32.Build.0 = Debug|Win32
		{8DD873F2-8045-417E-936A-3B656953996A}.Release|Any CPU.ActiveCfg = Release|Win32
		{8DD873F2-8045-417E-936A-3B656953996A}.Release|Mixed Platforms.ActiveCfg = Release|Win32
		{8DD873F2-8045-417E-936A-3B656953996A}.Release|Mixed Platforms.Build.0 = Release|Win32
		{8DD873F2-8045-417E-936A-3B656953996A}.Release|Win32.ActiveCfg = Release|Win32
		{8DD873F2-8045-417E-936A-3B656953996A}.Release|Win32.Build.0 = Release|Win32
		{1C0A4B1C-0A96-4615-8334-B1D254C60E72}.Debug|Any CPU.ActiveCfg = Debug|Win32
		{1C0A4B1C-0A96-4615-8334-B1D254C60E72}.Debug|Mixed Platforms.ActiveCfg = Debug|Win32
		{1C0A4B1C-0A96-4615-8334-B1D254C60E72}.Debug|Mixed Platforms.Build.0 = Debug|Win32
		{1C0A4B1C-0A96-4615-8334-B1D254C60E72}.Debug|Win32.ActiveCfg = Debug|Win32
		{1C0A4B1C-0A96-4615-8334-B1D254C60E72}.Debug|Win32.Build.0 = Debug|Win32
		{1C0A4B1C-0A96-4615-8334-B1D254C60E72}.Release|Any CPU.ActiveCfg = Release|Win32
		{1C0A4B1C-0A96-4615-8334-B1D254C60E72}.Release|Mixed Platforms.ActiveCfg = Release|Win32
		{1C0A4B1C-0A96-4615-8334-B1D254C60E72}.Release|Mixed Platforms.Build.0 = Release|Win32
		{1C0A4B1C-0A96-4615-8334-B1D254C60E72}.Release|Win32.ActiveCfg = Release|Win32
		{1C0A4B1C-0A96-4615-8334-B1D254C60E72}.Release|Win32.Build.0 = Release|Win32
		{3176C8DB-068E-45AC-B3EA-A973DCD5ADAF}.Debug|Any CPU.ActiveCfg = Debug|Win32
		{3176C8DB-068E-45AC-B3EA-A973DCD5ADAF}.Debug|Mixed Platforms.ActiveCfg = Debug|Win32
		{3176C8DB-068E-45AC-B3EA-A973DCD5ADAF}.Debug|Mixed Platforms.Build.0 = Debug|Win32
		{3176C8DB-068E-45AC-B3EA-A973DCD5ADAF}.Debug|Win32.ActiveCfg = Debug|Win32
		{3176C8DB-068E-45AC-B3EA-A973DCD5ADAF}.Debug|Win32.Build.0 = Debug|Win32
		{3176C8DB-068E-45AC-B3EA-A973DCD5ADAF}.Release|Any CPU.ActiveCfg = Release|Win32
		{3176C8DB-068E-45AC-B3EA-A973DCD5ADAF}.Release|Mixed Platforms.ActiveCfg = Release|Win32
		{3176C8DB-068E-45AC-B3EA-A973DCD5ADAF}.Release|Mixed Platforms.Build.0 = Release|Win32
		{3176C8DB-068E-45AC-B3EA-A973DCD5ADAF}.Release|Win32.ActiveCfg = Release|Win32
		{3176C8DB-068E-45AC-B3EA-A973DCD5ADAF}.Release|Win32.Build.0 = Release|Win32
		{5F88AFE5-DA43-4152-9E6B-E13FE7B57C9D}.Debug|Any CPU.ActiveCfg = Debug|Win32
		{5F88AFE5-DA43-4152-9E6B-E13FE7B57C9D}.Debug|Mixed Platforms.ActiveCfg = Debug|Win32
		{5F88AFE5-DA43-4152-9E6B-E13FE7B57C9D}.Debug|Mixed Platforms.Build.0 = Debug|Win32
		{5F88AFE5-DA43-4152-9E6B-E13FE7B57C9D}.Debug|Win32.ActiveCfg = Debug|Win32
		{5F88AFE5-DA43-4152-9E6B-E13FE7B57C9D}.Debug|Win32.Build.0 = Debug|Win32
		{5F88AFE5-DA43-4152-9E6B-E13FE7B57C9D}.Release|Any CPU.ActiveCfg = Release|Win32
		{5F88AFE5-DA43-4152-9E6B-E13FE7B57C9D}.Release|Mixed Platforms.ActiveCfg = Release|Win32
		{5F88AFE5-DA43-4152-9E6B-E13FE7B57C9D}.Release|Mixed Platforms.Build.0 = Release|Win32
		{5F88AFE5-DA43-4152-9E6B-E13FE7B57C9D}.Release|Win32.ActiveCfg = Release|Win32
		{5F88AFE5-DA43-4152-9E6B-E13FE7B57C9D}.Release|Win32.Build.0 = Release|Win32
		{803E4610-9298-45E2-9143-042F229E630C}.Debug|Any CPU.ActiveCfg = Debug|Win32
		{803E4610-9298-45E2-9143-042F229E630C}.Debug|Mixed Platforms.ActiveCfg = Debug|Win32
		{803E4610-9298-45E2-9143-042F229E630C}.Debug|Mixed Platforms.Build.0 = Debug|Win32
		{803E4610-9298-45E2-9143-042F229E630C}.Debug|Win32.ActiveCfg = Debug|Win32
		{803E4610-9298-45E2-9143-042F229E630C}.Debug|Win32.Build.0 = Debug|Win32
		{803E4610-9298-45E2-9143-042F229E630C}.Release|Any CPU.ActiveCfg = Release|Win32
		{803E4610-9298-45E2-9143-042F229E630C}.Release|Mixed Platforms.ActiveCfg = Release|Win32
		{803E4610-9298-45E2-9143-042F229E630C}.Release|Mixed Platforms.Build.0 = Release|Win32
		{803E4610-9298-45E2-9143-042F229E630C}.Release|Win32.ActiveCfg = Release|Win32
		{803E4610-9298-45E2-9143-042F229E630C}.Release|Win32.Build.0 = Release|Win32
		{BAC189E8-4523-41DE-B3D1-2D8D5557F3C8}.Debug|Any CPU.ActiveCfg = Debug|Win32
		{BAC189E8-4523-41DE-B3D1-2D8D5557F3C8}.Debug|Mixed Platforms.ActiveCfg = Debug|Win32
		{BAC189E8-4523-41DE-B3D1-2D8D5557F3C8}.Debug|Mixed Platforms.Build.0 = Debug|Win32
		{BAC189E8-4523-41DE-B3D1-2D8D5557F3C8}.Debug|Win32.ActiveCfg = Debug|Win32
		{BAC189E8-4523-41DE-B3D1-2D8D5557F3C8}.Debug|Win32.Build.0 = Debug|Win32
		{BAC189E8-4523-41DE-B3D1-2D8D5557F3C8}.Release|Any CPU.ActiveCfg = Release|Win32
		{BAC189E8-4523-41DE-B3D1-2D8D5557F3C8}.Release|Mixed Platforms.ActiveCfg = Release|Win32
		{BAC189E8-4523-41DE-B3D1-2D8D5557F3C8}.Release|Mixed Platforms.Build.0 = Release|Win32
		{BAC189E8-4523-41DE-B3D1-2D8D5557F3C8}.Release|Win32.ActiveCfg = Release|Win32
		{BAC189E8-4523-41DE-B3D1-2D8D5557F3C8}.Release|Win32.Build.0 = Release|Win32
		{82C6A799-68F7-4EB7-85D6-AC9620BD08C4}.Debug|Any CPU.ActiveCfg = Debug|Win32
		{82C6A799-68F7-4EB7-85D6-AC9620BD08C4}.Debug|Mixed Platforms.ActiveCfg = Debug|Win32
		{82C6A799-68F7-4EB7-85D6-AC9620BD08C4}.Debug|Mixed Platforms.Build.0 = Debug|Win32
		{82C6A799-68F7-4EB7-85D6-AC9620BD08C4}.Debug|Win32.ActiveCfg = Debug|Win32
		{82C6A799-68F7-4EB7-85D6-AC9620BD08C4}.Debug|Win32.Build.0 = Debug|Win32
		{82C6A799-68F7-4EB7-85D6-AC9620BD08C4}.Release|Any CPU.ActiveCfg = Release|Win32
		{82C6A799-68F7-4EB7-85D6-AC9620BD08C4}.Release|Mixed Platforms.ActiveCfg = Release|Win32
		{82C6A799-68F7-4EB7-85D6-AC9620BD08C4}.Release|Mixed Platforms.Build.0 = Release|Win32
		{82C6A799-68F7-4EB7-85D6-AC9620BD08C4}.Release|Win32.ActiveCfg = Release|Win32
		{82C6A799-68F7-4EB7-85D6-AC9620BD08C4}.Release|Win32.Build.0 = Release|Win32
		{3B914313-437C-49AD-B81A-7C65D2B86EF0}.Debug|Any CPU.ActiveCfg = Debug|Win32
		{3B914313-437C-49AD-B81A-7C65D2B86EF0}.Debug|Mixed Platforms.ActiveCfg = Debug|Win32
		{3B914313-437C-49AD-B81A-7C65D2B86EF0}.Debug|Mixed Platforms.Build.0 = Debug|Win32
		{3B914313-437C-49AD-B81A-7C65D2B86EF0}.Debug|Win32.ActiveCfg = Debug|Win32
		{3B914313-437C-49AD-B81A-7C65D2B86EF0}.Debug|Win32.Build.0 = Debug|Win32
		{3B914313-437C-49AD-B81A-7C65D2B86EF0}.Release|Any CPU.ActiveCfg = Release|Win32
		{3B914313-437C-49AD-B81A-7C65D2B86EF0}.Release|Mixed Platforms.ActiveCfg = Release|Win32
		{3B914313-437C-49AD-B81A-7C65D2B86EF0}.Release|Mixed Platforms.Build.0 = Release|Win32
		{3B914313-437C-49AD-B81A-7C65D2B86EF0}.Release|Win32.ActiveCfg = Release|Win32
		{3B914313-437C-49AD-B81A-7C65D2B86EF0}.Release|Win32.Build.0 = Release|Win32
		{22D66752-629E-4318-9C28-1D956F3E605B}.Debug|Any CPU.ActiveCfg = Debug|Win32
		{22D66752-629E-4318-9C28-1D956F3E605B}.Debug|Mixed Platforms.ActiveCfg = Debug|Win32
		{22D66752-629E-4318-9C28-1D956F3E605B}.Debug|Mixed Platforms.Build.0 = Debug|Win32
		{22D66752-629E-4318-9C28-1D956F3E605B}.Debug|Win32.ActiveCfg = Debug|Win32
		{22D66752-629E-4318-9C28-1D956F3E605B}.Debug|Win32.Build.0 = Debug|Win32
		{22D66752-629E-4318-9C28-1D956F3E605B}.Release|Any CPU.ActiveCfg = Release|Win32
		{22D66752-629E-4318-9C28-1D956F3E605B}.Release|Mixed Platforms.ActiveCfg = Release|Win32
		{22D66752-629E-4318-9C28-1D956F3E605B}.Release|Mixed Platforms.Build.0 = Release|Win32
		{22D66752-629E-4318-9C28-1D956F3E605B}.Release|Win32.ActiveCfg = Release|Win32
		{22D66752-629E-4318-9C28-1D956F3E605B}.Release|Win32.Build.0 = Release|Win32
		{9F79009E-95B5-418F-ACF2-E08A95DAF855}.Debug|Any CPU.ActiveCfg = Debug|Win32
		{9F79009E-95B5-418F-ACF2-E08A95DAF855}.Debug|Mixed Platforms.ActiveCfg = Debug|Win32
		{9F79009E-95B5-418F-ACF2-E08A95DAF855}.Debug|Mixed Platforms.Build.0 = Debug|Win32
		{9F79009E-95B5-418F-ACF2-E08A95DAF855}.Debug|Win32.ActiveCfg = Debug|Win32
		{9F79009E-95B5-418F-ACF2-E08A95DAF855}.Debug|Win32.Build.0 = Debug|Win32
		{9F79009E-95B5-418F-ACF2-E08A95DAF855}.Release|Any CPU.ActiveCfg = Release|Win32
		{9F79009E-95B5-418F-ACF2-E08A95DAF855}.Release|Mixed Platforms.ActiveCfg = Release|Win32
		{9F79009E-95B5-418F-ACF2-E08A95DAF855}.Release|Mixed Platforms.Build.0 = Release|Win32
		{9F79009E-95B5-418F-ACF2-E08A95DAF855}.Release|Win32.ActiveCfg = Release|Win32
		{9F79009E-95B5-418F-ACF2-E08A95DAF855}.Release|Win32.Build.0 = Release|Win32
		{7D986236-52A1-4AF7-B67F-AE3FFFE044F1}.Debug|Any CPU.ActiveCfg = Debug|Win32
		{7D986236-52A1-4AF7-B67F-AE3FFFE044F1}.Debug|Mixed Platforms.ActiveCfg = Debug|Win32
		{7D986236-52A1-4AF7-B67F-AE3FFFE044F1}.Debug|Mixed Platforms.Build.0 = Debug|Win32
		{7D986236-52A1-4AF7-B67F-AE3FFFE044F1}.Debug|Win32.ActiveCfg = Debug|Win32
		{7D986236-52A1-4AF7-B67F-AE3FFFE044F1}.Debug|Win32.Build.0 = Debug|Win32
		{7D986236-52A1-4AF7-B67F-AE3FFFE044F1}.Release|Any CPU.ActiveCfg = Release|Win32
		{7D986236-52A1-4AF7-B67F-AE3FFFE044F1}.Release|Mixed Platforms.ActiveCfg = Release|Win32
		{7D986236-52A1-4AF7-B67F-AE3FFFE044F1}.Release|Mixed Platforms.Build.0 = Release|Win32
		{7D986236-52A1-4AF7-B67F-AE3FFFE044F1}.Release|Win32.ActiveCfg = Release|Win32
		{7D986236-52A1-4AF7-B67F-AE3FFFE044F1}.Release|Win32.Build.0 = Release|Win32
	EndGlobalSection
	GlobalSection(SolutionProperties) = preSolution
		HideSolutionNode = FALSE
	EndGlobalSection
	GlobalSection(NestedProjects) = preSolution
		{8DD873F2-8045-417E-936A-3B656953996A} = {6E11202D-46B4-43D0-AFAF-90A998E0DB68}
		{1C0A4B1C-0A96-4615-8334-B1D254C60E72} = {6E11202D-46B4-43D0-AFAF-90A998E0DB68}
		{3176C8DB-068E-45AC-B3EA-A973DCD5ADAF} = {6E11202D-46B4-43D0-AFAF-90A998E0DB68}
		{5F88AFE5-DA43-4152-9E6B-E13FE7B57C9D} = {6E11202D-46B4-43D0-AFAF-90A998E0DB68}
		{803E4610-9298-45E2-9143-042F229E630C} = {6E11202D-46B4-43D0-AFAF-90A998E0DB68}
		{BAC189E8-4523-41DE-B3D1-2D8D5557F3C8} = {C3EE1740-A81D-46B0-981E-BBAD5F5D84B1}
		{82C6A799-68F7-4EB7-85D6-AC9620BD08C4} = {C3EE1740-A81D-46B0-981E-BBAD5F5D84B1}
		{3B914313-437C-49AD-B81A-7C65D2B86EF0} = {C3EE1740-A81D-46B0-981E-BBAD5F5D84B1}
		{22D66752-629E-4318-9C28-1D956F3E605B} = {6E11202D-46B4-43D0-AFAF-90A998E0DB68}
		{9F79009E-95B5-418F-ACF2-E08A95DAF855} = {6E11202D-46B4-43D0-AFAF-90A998E0DB68}
		{7D986236-52A1-4AF7-B67F-AE3FFFE044F1} = {6E11202D-46B4-43D0-AFAF-90A998E0DB68}
	EndGlobalSection
EndGlobal
