
Microsoft Visual Studio Solution File, Format Version 12.00
# Visual Studio 2013
VisualStudioVersion = 12.0.40629.0
MinimumVisualStudioVersion = 10.0.40219.1
Project("{8BC9CEB8-8B4A-11D0-8D11-00A0C91BC942}") = "vmBaseLib", "prj\vmBaseLib\vmBaseLib.vcxproj", "{23E57A61-63DE-447D-9455-BADCC9C15381}"
EndProject
Project("{8BC9CEB8-8B4A-11D0-8D11-00A0C91BC942}") = "vmCycleBuffer", "prj\vmCycleBuffer\vmCycleBuffer.vcxproj", "{6A474114-3939-447F-BC58-E07B7D5471FC}"
EndProject
Project("{8BC9CEB8-8B4A-11D0-8D11-00A0C91BC942}") = "vmConsole", "prj\vmConsole\vmConsole.vcxproj", "{D2F25C83-D0CB-48E6-856B-4A6AAF0D6AB0}"
EndProject
Project("{8BC9CEB8-8B4A-11D0-8D11-00A0C91BC942}") = "tstVmConsole", "tst\tstVmConsole\tstVmConsole.vcxproj", "{DE564F4B-01EF-4602-B64E-F0C268EB63F0}"
	ProjectSection(ProjectDependencies) = postProject
		{D2F25C83-D0CB-48E6-856B-4A6AAF0D6AB0} = {D2F25C83-D0CB-48E6-856B-4A6AAF0D6AB0}
	EndProjectSection
EndProject
Project("{2150E333-8FDC-42A3-9474-1A3956D46DE8}") = "tst", "tst", "{77275052-DCF8-4EA4-9B7E-B74C1FFC39E6}"
EndProject
Project("{2150E333-8FDC-42A3-9474-1A3956D46DE8}") = "vmTools", "vmTools", "{6706A611-3E72-43A4-994E-1A73107CEACC}"
EndProject
Project("{8BC9CEB8-8B4A-11D0-8D11-00A0C91BC942}") = "tstVmClient", "tst\tstVmClient\tstVmClient.vcxproj", "{E374BBDB-F3E7-4393-9BBE-28FFB72ADB21}"
EndProject
Project("{8BC9CEB8-8B4A-11D0-8D11-00A0C91BC942}") = "tstVmServer", "tst\tstVmServer\tstVmServer.vcxproj", "{A4BCD7D1-2DE1-4E15-A295-02F724B68BC0}"
EndProject
Project("{8BC9CEB8-8B4A-11D0-8D11-00A0C91BC942}") = "tstVmLogger", "tst\tstVmLogger\tstVmLogger.vcxproj", "{7ADF632C-7CDA-4DC0-B4F4-EB19F34C9EFA}"
EndProject
Project("{8BC9CEB8-8B4A-11D0-8D11-00A0C91BC942}") = "vmLogger", "prj\vmLogger\vmLogger.vcxproj", "{38A709D4-043D-4F5D-A6FE-4FFCBC437BFD}"
EndProject
Global
	GlobalSection(SolutionConfigurationPlatforms) = preSolution
		Debug|Win32 = Debug|Win32
		Release|Win32 = Release|Win32
	EndGlobalSection
	GlobalSection(ProjectConfigurationPlatforms) = postSolution
		{23E57A61-63DE-447D-9455-BADCC9C15381}.Debug|Win32.ActiveCfg = Debug|Win32
		{23E57A61-63DE-447D-9455-BADCC9C15381}.Debug|Win32.Build.0 = Debug|Win32
		{23E57A61-63DE-447D-9455-BADCC9C15381}.Release|Win32.ActiveCfg = Release|Win32
		{23E57A61-63DE-447D-9455-BADCC9C15381}.Release|Win32.Build.0 = Release|Win32
		{6A474114-3939-447F-BC58-E07B7D5471FC}.Debug|Win32.ActiveCfg = Debug|Win32
		{6A474114-3939-447F-BC58-E07B7D5471FC}.Debug|Win32.Build.0 = Debug|Win32
		{6A474114-3939-447F-BC58-E07B7D5471FC}.Release|Win32.ActiveCfg = Release|Win32
		{6A474114-3939-447F-BC58-E07B7D5471FC}.Release|Win32.Build.0 = Release|Win32
		{D2F25C83-D0CB-48E6-856B-4A6AAF0D6AB0}.Debug|Win32.ActiveCfg = Debug|Win32
		{D2F25C83-D0CB-48E6-856B-4A6AAF0D6AB0}.Debug|Win32.Build.0 = Debug|Win32
		{D2F25C83-D0CB-48E6-856B-4A6AAF0D6AB0}.Release|Win32.ActiveCfg = Release|Win32
		{D2F25C83-D0CB-48E6-856B-4A6AAF0D6AB0}.Release|Win32.Build.0 = Release|Win32
		{DE564F4B-01EF-4602-B64E-F0C268EB63F0}.Debug|Win32.ActiveCfg = Debug|Win32
		{DE564F4B-01EF-4602-B64E-F0C268EB63F0}.Debug|Win32.Build.0 = Debug|Win32
		{DE564F4B-01EF-4602-B64E-F0C268EB63F0}.Release|Win32.ActiveCfg = Release|Win32
		{DE564F4B-01EF-4602-B64E-F0C268EB63F0}.Release|Win32.Build.0 = Release|Win32
		{E374BBDB-F3E7-4393-9BBE-28FFB72ADB21}.Debug|Win32.ActiveCfg = Debug|Win32
		{E374BBDB-F3E7-4393-9BBE-28FFB72ADB21}.Debug|Win32.Build.0 = Debug|Win32
		{E374BBDB-F3E7-4393-9BBE-28FFB72ADB21}.Release|Win32.ActiveCfg = Release|Win32
		{E374BBDB-F3E7-4393-9BBE-28FFB72ADB21}.Release|Win32.Build.0 = Release|Win32
		{A4BCD7D1-2DE1-4E15-A295-02F724B68BC0}.Debug|Win32.ActiveCfg = Debug|Win32
		{A4BCD7D1-2DE1-4E15-A295-02F724B68BC0}.Debug|Win32.Build.0 = Debug|Win32
		{A4BCD7D1-2DE1-4E15-A295-02F724B68BC0}.Release|Win32.ActiveCfg = Release|Win32
		{A4BCD7D1-2DE1-4E15-A295-02F724B68BC0}.Release|Win32.Build.0 = Release|Win32
		{7ADF632C-7CDA-4DC0-B4F4-EB19F34C9EFA}.Debug|Win32.ActiveCfg = Debug|Win32
		{7ADF632C-7CDA-4DC0-B4F4-EB19F34C9EFA}.Debug|Win32.Build.0 = Debug|Win32
		{7ADF632C-7CDA-4DC0-B4F4-EB19F34C9EFA}.Release|Win32.ActiveCfg = Release|Win32
		{7ADF632C-7CDA-4DC0-B4F4-EB19F34C9EFA}.Release|Win32.Build.0 = Release|Win32
		{38A709D4-043D-4F5D-A6FE-4FFCBC437BFD}.Debug|Win32.ActiveCfg = Debug|Win32
		{38A709D4-043D-4F5D-A6FE-4FFCBC437BFD}.Debug|Win32.Build.0 = Debug|Win32
		{38A709D4-043D-4F5D-A6FE-4FFCBC437BFD}.Release|Win32.ActiveCfg = Release|Win32
		{38A709D4-043D-4F5D-A6FE-4FFCBC437BFD}.Release|Win32.Build.0 = Release|Win32
	EndGlobalSection
	GlobalSection(SolutionProperties) = preSolution
		HideSolutionNode = FALSE
	EndGlobalSection
	GlobalSection(NestedProjects) = preSolution
		{23E57A61-63DE-447D-9455-BADCC9C15381} = {6706A611-3E72-43A4-994E-1A73107CEACC}
		{6A474114-3939-447F-BC58-E07B7D5471FC} = {6706A611-3E72-43A4-994E-1A73107CEACC}
		{D2F25C83-D0CB-48E6-856B-4A6AAF0D6AB0} = {6706A611-3E72-43A4-994E-1A73107CEACC}
		{DE564F4B-01EF-4602-B64E-F0C268EB63F0} = {77275052-DCF8-4EA4-9B7E-B74C1FFC39E6}
		{E374BBDB-F3E7-4393-9BBE-28FFB72ADB21} = {77275052-DCF8-4EA4-9B7E-B74C1FFC39E6}
		{A4BCD7D1-2DE1-4E15-A295-02F724B68BC0} = {77275052-DCF8-4EA4-9B7E-B74C1FFC39E6}
		{7ADF632C-7CDA-4DC0-B4F4-EB19F34C9EFA} = {77275052-DCF8-4EA4-9B7E-B74C1FFC39E6}
		{38A709D4-043D-4F5D-A6FE-4FFCBC437BFD} = {6706A611-3E72-43A4-994E-1A73107CEACC}
	EndGlobalSection
EndGlobal
