
Microsoft Visual Studio Solution File, Format Version 12.00
# Visual Studio 15
VisualStudioVersion = 15.0.28307.902
MinimumVisualStudioVersion = 10.0.40219.1
Project("{2150E333-8FDC-42A3-9474-1A3956D46DE8}") = "libs", "libs", "{91E259E7-70FF-4CEF-B2CA-5A19764DF6F0}"
EndProject
Project("{2150E333-8FDC-42A3-9474-1A3956D46DE8}") = "test", "test", "{A2047EF2-2C56-4A43-84A9-B584363CF458}"
EndProject
Project("{8BC9CEB8-8B4A-11D0-8D11-00A0C91BC942}") = "vmLibBase", "prj\vmLibBase\vmLibBase.vcxproj", "{03D22D18-15E5-4E95-AAE9-89CEC8159775}"
EndProject
Project("{8BC9CEB8-8B4A-11D0-8D11-00A0C91BC942}") = "vmLibErr", "prj\vmLibErr\vmLibErr.vcxproj", "{DE27D131-BE4E-4240-A38F-D4E58E8600B4}"
EndProject
Project("{8BC9CEB8-8B4A-11D0-8D11-00A0C91BC942}") = "vmLibExp", "prj\vmLibExp\vmLibExp.vcxproj", "{2A8C2482-C42C-43ED-A22B-3D595B83130C}"
	ProjectSection(ProjectDependencies) = postProject
		{DE27D131-BE4E-4240-A38F-D4E58E8600B4} = {DE27D131-BE4E-4240-A38F-D4E58E8600B4}
		{38919CD0-EC4B-4998-B470-6546621C5730} = {38919CD0-EC4B-4998-B470-6546621C5730}
	EndProjectSection
EndProject
Project("{8BC9CEB8-8B4A-11D0-8D11-00A0C91BC942}") = "vmLibFile", "prj\vmLibFile\vmLibFile.vcxproj", "{38919CD0-EC4B-4998-B470-6546621C5730}"
EndProject
Project("{8BC9CEB8-8B4A-11D0-8D11-00A0C91BC942}") = "vmLibIPC", "prj\vmLibIPC\vmLibIPC.vcxproj", "{97D78172-A634-4771-B7BD-E39042DFAEF0}"
EndProject
Project("{8BC9CEB8-8B4A-11D0-8D11-00A0C91BC942}") = "vmLibLog", "prj\vmLibLog\vmLibLog.vcxproj", "{02AC78F8-C36D-4E41-A270-6190DD9585B8}"
EndProject
Project("{8BC9CEB8-8B4A-11D0-8D11-00A0C91BC942}") = "tst_vmLibErr", "prj\tst_vmLibErr\tst_vmLibErr.vcxproj", "{F2BA1829-EF0A-458B-A6B9-E8E92DF956D8}"
EndProject
Project("{8BC9CEB8-8B4A-11D0-8D11-00A0C91BC942}") = "tst_vmLibBase", "prj\tst_vmLibBase\tst_vmLibBase.vcxproj", "{AA6D3237-3FBA-427B-BEDB-13C607FF34B4}"
	ProjectSection(ProjectDependencies) = postProject
		{03D22D18-15E5-4E95-AAE9-89CEC8159775} = {03D22D18-15E5-4E95-AAE9-89CEC8159775}
	EndProjectSection
EndProject
Project("{8BC9CEB8-8B4A-11D0-8D11-00A0C91BC942}") = "tst_vmLibIPC", "prj\tst_vmLibIPC\tst_vmLibIPC.vcxproj", "{9AE107E9-1FC2-436C-BEF1-183E08705C95}"
EndProject
Project("{8BC9CEB8-8B4A-11D0-8D11-00A0C91BC942}") = "tst_vmLibExp", "prj\tst_vmLibExp\tst_vmLibExp.vcxproj", "{7143CC77-0A17-4750-B241-F8AEB5366C9E}"
EndProject
Project("{8BC9CEB8-8B4A-11D0-8D11-00A0C91BC942}") = "tst_vmLibFile", "prj\tst_vmLibFile\tst_vmLibFile.vcxproj", "{2FAEFB6C-9710-4065-BFF6-5A5EA8035342}"
	ProjectSection(ProjectDependencies) = postProject
		{38919CD0-EC4B-4998-B470-6546621C5730} = {38919CD0-EC4B-4998-B470-6546621C5730}
	EndProjectSection
EndProject
Project("{8BC9CEB8-8B4A-11D0-8D11-00A0C91BC942}") = "tst_vmUtil", "prj\tst_vmUtil\tst_vmUtil.vcxproj", "{3EF33FD8-2979-4104-B458-67536B6B11F0}"
EndProject
Project("{8BC9CEB8-8B4A-11D0-8D11-00A0C91BC942}") = "vmCfg", "prj\vmCfg\vmCfg.vcxproj", "{5794EDD2-E8BF-4E3D-9FAB-42FA0C2CC7F4}"
EndProject
Project("{8BC9CEB8-8B4A-11D0-8D11-00A0C91BC942}") = "vmLibTime", "prj\vmLibTime\vmLibTime.vcxproj", "{AB5C2D4A-2CB5-4E14-9D3F-30CF668CCB84}"
EndProject
Project("{8BC9CEB8-8B4A-11D0-8D11-00A0C91BC942}") = "tst_vmLibTime", "prj\tst_vmLibTime\tst_vmLibTime.vcxproj", "{CE0F23D2-5E8A-466E-A761-3B45A27ABEE0}"
EndProject
Global
	GlobalSection(SolutionConfigurationPlatforms) = preSolution
		Debug|x64 = Debug|x64
		Debug|x86 = Debug|x86
		Release|x64 = Release|x64
		Release|x86 = Release|x86
	EndGlobalSection
	GlobalSection(ProjectConfigurationPlatforms) = postSolution
		{03D22D18-15E5-4E95-AAE9-89CEC8159775}.Debug|x64.ActiveCfg = Debug|x64
		{03D22D18-15E5-4E95-AAE9-89CEC8159775}.Debug|x64.Build.0 = Debug|x64
		{03D22D18-15E5-4E95-AAE9-89CEC8159775}.Debug|x86.ActiveCfg = Debug|Win32
		{03D22D18-15E5-4E95-AAE9-89CEC8159775}.Debug|x86.Build.0 = Debug|Win32
		{03D22D18-15E5-4E95-AAE9-89CEC8159775}.Release|x64.ActiveCfg = Release|x64
		{03D22D18-15E5-4E95-AAE9-89CEC8159775}.Release|x64.Build.0 = Release|x64
		{03D22D18-15E5-4E95-AAE9-89CEC8159775}.Release|x86.ActiveCfg = Release|Win32
		{03D22D18-15E5-4E95-AAE9-89CEC8159775}.Release|x86.Build.0 = Release|Win32
		{DE27D131-BE4E-4240-A38F-D4E58E8600B4}.Debug|x64.ActiveCfg = Debug|x64
		{DE27D131-BE4E-4240-A38F-D4E58E8600B4}.Debug|x64.Build.0 = Debug|x64
		{DE27D131-BE4E-4240-A38F-D4E58E8600B4}.Debug|x86.ActiveCfg = Debug|Win32
		{DE27D131-BE4E-4240-A38F-D4E58E8600B4}.Debug|x86.Build.0 = Debug|Win32
		{DE27D131-BE4E-4240-A38F-D4E58E8600B4}.Release|x64.ActiveCfg = Release|x64
		{DE27D131-BE4E-4240-A38F-D4E58E8600B4}.Release|x64.Build.0 = Release|x64
		{DE27D131-BE4E-4240-A38F-D4E58E8600B4}.Release|x86.ActiveCfg = Release|Win32
		{DE27D131-BE4E-4240-A38F-D4E58E8600B4}.Release|x86.Build.0 = Release|Win32
		{2A8C2482-C42C-43ED-A22B-3D595B83130C}.Debug|x64.ActiveCfg = Debug|x64
		{2A8C2482-C42C-43ED-A22B-3D595B83130C}.Debug|x64.Build.0 = Debug|x64
		{2A8C2482-C42C-43ED-A22B-3D595B83130C}.Debug|x86.ActiveCfg = Debug|Win32
		{2A8C2482-C42C-43ED-A22B-3D595B83130C}.Debug|x86.Build.0 = Debug|Win32
		{2A8C2482-C42C-43ED-A22B-3D595B83130C}.Release|x64.ActiveCfg = Release|x64
		{2A8C2482-C42C-43ED-A22B-3D595B83130C}.Release|x64.Build.0 = Release|x64
		{2A8C2482-C42C-43ED-A22B-3D595B83130C}.Release|x86.ActiveCfg = Release|Win32
		{2A8C2482-C42C-43ED-A22B-3D595B83130C}.Release|x86.Build.0 = Release|Win32
		{38919CD0-EC4B-4998-B470-6546621C5730}.Debug|x64.ActiveCfg = Debug|x64
		{38919CD0-EC4B-4998-B470-6546621C5730}.Debug|x64.Build.0 = Debug|x64
		{38919CD0-EC4B-4998-B470-6546621C5730}.Debug|x86.ActiveCfg = Debug|Win32
		{38919CD0-EC4B-4998-B470-6546621C5730}.Debug|x86.Build.0 = Debug|Win32
		{38919CD0-EC4B-4998-B470-6546621C5730}.Release|x64.ActiveCfg = Release|x64
		{38919CD0-EC4B-4998-B470-6546621C5730}.Release|x64.Build.0 = Release|x64
		{38919CD0-EC4B-4998-B470-6546621C5730}.Release|x86.ActiveCfg = Release|Win32
		{38919CD0-EC4B-4998-B470-6546621C5730}.Release|x86.Build.0 = Release|Win32
		{97D78172-A634-4771-B7BD-E39042DFAEF0}.Debug|x64.ActiveCfg = Debug|x64
		{97D78172-A634-4771-B7BD-E39042DFAEF0}.Debug|x64.Build.0 = Debug|x64
		{97D78172-A634-4771-B7BD-E39042DFAEF0}.Debug|x86.ActiveCfg = Debug|Win32
		{97D78172-A634-4771-B7BD-E39042DFAEF0}.Debug|x86.Build.0 = Debug|Win32
		{97D78172-A634-4771-B7BD-E39042DFAEF0}.Release|x64.ActiveCfg = Release|x64
		{97D78172-A634-4771-B7BD-E39042DFAEF0}.Release|x64.Build.0 = Release|x64
		{97D78172-A634-4771-B7BD-E39042DFAEF0}.Release|x86.ActiveCfg = Release|Win32
		{97D78172-A634-4771-B7BD-E39042DFAEF0}.Release|x86.Build.0 = Release|Win32
		{02AC78F8-C36D-4E41-A270-6190DD9585B8}.Debug|x64.ActiveCfg = Debug|x64
		{02AC78F8-C36D-4E41-A270-6190DD9585B8}.Debug|x64.Build.0 = Debug|x64
		{02AC78F8-C36D-4E41-A270-6190DD9585B8}.Debug|x86.ActiveCfg = Debug|Win32
		{02AC78F8-C36D-4E41-A270-6190DD9585B8}.Debug|x86.Build.0 = Debug|Win32
		{02AC78F8-C36D-4E41-A270-6190DD9585B8}.Release|x64.ActiveCfg = Release|x64
		{02AC78F8-C36D-4E41-A270-6190DD9585B8}.Release|x64.Build.0 = Release|x64
		{02AC78F8-C36D-4E41-A270-6190DD9585B8}.Release|x86.ActiveCfg = Release|Win32
		{02AC78F8-C36D-4E41-A270-6190DD9585B8}.Release|x86.Build.0 = Release|Win32
		{F2BA1829-EF0A-458B-A6B9-E8E92DF956D8}.Debug|x64.ActiveCfg = Debug|x64
		{F2BA1829-EF0A-458B-A6B9-E8E92DF956D8}.Debug|x64.Build.0 = Debug|x64
		{F2BA1829-EF0A-458B-A6B9-E8E92DF956D8}.Debug|x86.ActiveCfg = Debug|Win32
		{F2BA1829-EF0A-458B-A6B9-E8E92DF956D8}.Debug|x86.Build.0 = Debug|Win32
		{F2BA1829-EF0A-458B-A6B9-E8E92DF956D8}.Release|x64.ActiveCfg = Release|x64
		{F2BA1829-EF0A-458B-A6B9-E8E92DF956D8}.Release|x64.Build.0 = Release|x64
		{F2BA1829-EF0A-458B-A6B9-E8E92DF956D8}.Release|x86.ActiveCfg = Release|Win32
		{F2BA1829-EF0A-458B-A6B9-E8E92DF956D8}.Release|x86.Build.0 = Release|Win32
		{AA6D3237-3FBA-427B-BEDB-13C607FF34B4}.Debug|x64.ActiveCfg = Debug|x64
		{AA6D3237-3FBA-427B-BEDB-13C607FF34B4}.Debug|x64.Build.0 = Debug|x64
		{AA6D3237-3FBA-427B-BEDB-13C607FF34B4}.Debug|x86.ActiveCfg = Debug|Win32
		{AA6D3237-3FBA-427B-BEDB-13C607FF34B4}.Debug|x86.Build.0 = Debug|Win32
		{AA6D3237-3FBA-427B-BEDB-13C607FF34B4}.Release|x64.ActiveCfg = Release|x64
		{AA6D3237-3FBA-427B-BEDB-13C607FF34B4}.Release|x64.Build.0 = Release|x64
		{AA6D3237-3FBA-427B-BEDB-13C607FF34B4}.Release|x86.ActiveCfg = Release|Win32
		{AA6D3237-3FBA-427B-BEDB-13C607FF34B4}.Release|x86.Build.0 = Release|Win32
		{9AE107E9-1FC2-436C-BEF1-183E08705C95}.Debug|x64.ActiveCfg = Debug|x64
		{9AE107E9-1FC2-436C-BEF1-183E08705C95}.Debug|x64.Build.0 = Debug|x64
		{9AE107E9-1FC2-436C-BEF1-183E08705C95}.Debug|x86.ActiveCfg = Debug|Win32
		{9AE107E9-1FC2-436C-BEF1-183E08705C95}.Debug|x86.Build.0 = Debug|Win32
		{9AE107E9-1FC2-436C-BEF1-183E08705C95}.Release|x64.ActiveCfg = Release|x64
		{9AE107E9-1FC2-436C-BEF1-183E08705C95}.Release|x64.Build.0 = Release|x64
		{9AE107E9-1FC2-436C-BEF1-183E08705C95}.Release|x86.ActiveCfg = Release|Win32
		{9AE107E9-1FC2-436C-BEF1-183E08705C95}.Release|x86.Build.0 = Release|Win32
		{7143CC77-0A17-4750-B241-F8AEB5366C9E}.Debug|x64.ActiveCfg = Debug|x64
		{7143CC77-0A17-4750-B241-F8AEB5366C9E}.Debug|x64.Build.0 = Debug|x64
		{7143CC77-0A17-4750-B241-F8AEB5366C9E}.Debug|x86.ActiveCfg = Debug|Win32
		{7143CC77-0A17-4750-B241-F8AEB5366C9E}.Debug|x86.Build.0 = Debug|Win32
		{7143CC77-0A17-4750-B241-F8AEB5366C9E}.Release|x64.ActiveCfg = Release|x64
		{7143CC77-0A17-4750-B241-F8AEB5366C9E}.Release|x64.Build.0 = Release|x64
		{7143CC77-0A17-4750-B241-F8AEB5366C9E}.Release|x86.ActiveCfg = Release|Win32
		{7143CC77-0A17-4750-B241-F8AEB5366C9E}.Release|x86.Build.0 = Release|Win32
		{2FAEFB6C-9710-4065-BFF6-5A5EA8035342}.Debug|x64.ActiveCfg = Debug|x64
		{2FAEFB6C-9710-4065-BFF6-5A5EA8035342}.Debug|x64.Build.0 = Debug|x64
		{2FAEFB6C-9710-4065-BFF6-5A5EA8035342}.Debug|x86.ActiveCfg = Debug|Win32
		{2FAEFB6C-9710-4065-BFF6-5A5EA8035342}.Debug|x86.Build.0 = Debug|Win32
		{2FAEFB6C-9710-4065-BFF6-5A5EA8035342}.Release|x64.ActiveCfg = Release|x64
		{2FAEFB6C-9710-4065-BFF6-5A5EA8035342}.Release|x64.Build.0 = Release|x64
		{2FAEFB6C-9710-4065-BFF6-5A5EA8035342}.Release|x86.ActiveCfg = Release|Win32
		{2FAEFB6C-9710-4065-BFF6-5A5EA8035342}.Release|x86.Build.0 = Release|Win32
		{3EF33FD8-2979-4104-B458-67536B6B11F0}.Debug|x64.ActiveCfg = Debug|x64
		{3EF33FD8-2979-4104-B458-67536B6B11F0}.Debug|x64.Build.0 = Debug|x64
		{3EF33FD8-2979-4104-B458-67536B6B11F0}.Debug|x86.ActiveCfg = Debug|Win32
		{3EF33FD8-2979-4104-B458-67536B6B11F0}.Debug|x86.Build.0 = Debug|Win32
		{3EF33FD8-2979-4104-B458-67536B6B11F0}.Release|x64.ActiveCfg = Release|x64
		{3EF33FD8-2979-4104-B458-67536B6B11F0}.Release|x64.Build.0 = Release|x64
		{3EF33FD8-2979-4104-B458-67536B6B11F0}.Release|x86.ActiveCfg = Release|Win32
		{3EF33FD8-2979-4104-B458-67536B6B11F0}.Release|x86.Build.0 = Release|Win32
		{5794EDD2-E8BF-4E3D-9FAB-42FA0C2CC7F4}.Debug|x64.ActiveCfg = Debug|x64
		{5794EDD2-E8BF-4E3D-9FAB-42FA0C2CC7F4}.Debug|x64.Build.0 = Debug|x64
		{5794EDD2-E8BF-4E3D-9FAB-42FA0C2CC7F4}.Debug|x86.ActiveCfg = Debug|Win32
		{5794EDD2-E8BF-4E3D-9FAB-42FA0C2CC7F4}.Debug|x86.Build.0 = Debug|Win32
		{5794EDD2-E8BF-4E3D-9FAB-42FA0C2CC7F4}.Release|x64.ActiveCfg = Release|x64
		{5794EDD2-E8BF-4E3D-9FAB-42FA0C2CC7F4}.Release|x64.Build.0 = Release|x64
		{5794EDD2-E8BF-4E3D-9FAB-42FA0C2CC7F4}.Release|x86.ActiveCfg = Release|Win32
		{5794EDD2-E8BF-4E3D-9FAB-42FA0C2CC7F4}.Release|x86.Build.0 = Release|Win32
		{AB5C2D4A-2CB5-4E14-9D3F-30CF668CCB84}.Debug|x64.ActiveCfg = Debug|x64
		{AB5C2D4A-2CB5-4E14-9D3F-30CF668CCB84}.Debug|x64.Build.0 = Debug|x64
		{AB5C2D4A-2CB5-4E14-9D3F-30CF668CCB84}.Debug|x86.ActiveCfg = Debug|Win32
		{AB5C2D4A-2CB5-4E14-9D3F-30CF668CCB84}.Debug|x86.Build.0 = Debug|Win32
		{AB5C2D4A-2CB5-4E14-9D3F-30CF668CCB84}.Release|x64.ActiveCfg = Release|x64
		{AB5C2D4A-2CB5-4E14-9D3F-30CF668CCB84}.Release|x64.Build.0 = Release|x64
		{AB5C2D4A-2CB5-4E14-9D3F-30CF668CCB84}.Release|x86.ActiveCfg = Release|Win32
		{AB5C2D4A-2CB5-4E14-9D3F-30CF668CCB84}.Release|x86.Build.0 = Release|Win32
		{CE0F23D2-5E8A-466E-A761-3B45A27ABEE0}.Debug|x64.ActiveCfg = Debug|x64
		{CE0F23D2-5E8A-466E-A761-3B45A27ABEE0}.Debug|x64.Build.0 = Debug|x64
		{CE0F23D2-5E8A-466E-A761-3B45A27ABEE0}.Debug|x86.ActiveCfg = Debug|Win32
		{CE0F23D2-5E8A-466E-A761-3B45A27ABEE0}.Debug|x86.Build.0 = Debug|Win32
		{CE0F23D2-5E8A-466E-A761-3B45A27ABEE0}.Release|x64.ActiveCfg = Release|x64
		{CE0F23D2-5E8A-466E-A761-3B45A27ABEE0}.Release|x64.Build.0 = Release|x64
		{CE0F23D2-5E8A-466E-A761-3B45A27ABEE0}.Release|x86.ActiveCfg = Release|Win32
		{CE0F23D2-5E8A-466E-A761-3B45A27ABEE0}.Release|x86.Build.0 = Release|Win32
	EndGlobalSection
	GlobalSection(SolutionProperties) = preSolution
		HideSolutionNode = FALSE
	EndGlobalSection
	GlobalSection(NestedProjects) = preSolution
		{03D22D18-15E5-4E95-AAE9-89CEC8159775} = {91E259E7-70FF-4CEF-B2CA-5A19764DF6F0}
		{DE27D131-BE4E-4240-A38F-D4E58E8600B4} = {91E259E7-70FF-4CEF-B2CA-5A19764DF6F0}
		{2A8C2482-C42C-43ED-A22B-3D595B83130C} = {91E259E7-70FF-4CEF-B2CA-5A19764DF6F0}
		{38919CD0-EC4B-4998-B470-6546621C5730} = {91E259E7-70FF-4CEF-B2CA-5A19764DF6F0}
		{97D78172-A634-4771-B7BD-E39042DFAEF0} = {91E259E7-70FF-4CEF-B2CA-5A19764DF6F0}
		{02AC78F8-C36D-4E41-A270-6190DD9585B8} = {91E259E7-70FF-4CEF-B2CA-5A19764DF6F0}
		{F2BA1829-EF0A-458B-A6B9-E8E92DF956D8} = {A2047EF2-2C56-4A43-84A9-B584363CF458}
		{AA6D3237-3FBA-427B-BEDB-13C607FF34B4} = {A2047EF2-2C56-4A43-84A9-B584363CF458}
		{9AE107E9-1FC2-436C-BEF1-183E08705C95} = {A2047EF2-2C56-4A43-84A9-B584363CF458}
		{7143CC77-0A17-4750-B241-F8AEB5366C9E} = {A2047EF2-2C56-4A43-84A9-B584363CF458}
		{2FAEFB6C-9710-4065-BFF6-5A5EA8035342} = {A2047EF2-2C56-4A43-84A9-B584363CF458}
		{3EF33FD8-2979-4104-B458-67536B6B11F0} = {A2047EF2-2C56-4A43-84A9-B584363CF458}
		{5794EDD2-E8BF-4E3D-9FAB-42FA0C2CC7F4} = {91E259E7-70FF-4CEF-B2CA-5A19764DF6F0}
		{AB5C2D4A-2CB5-4E14-9D3F-30CF668CCB84} = {91E259E7-70FF-4CEF-B2CA-5A19764DF6F0}
		{CE0F23D2-5E8A-466E-A761-3B45A27ABEE0} = {A2047EF2-2C56-4A43-84A9-B584363CF458}
	EndGlobalSection
	GlobalSection(ExtensibilityGlobals) = postSolution
		SolutionGuid = {4BDBB83A-1003-4D95-9ACB-46122411DFE8}
	EndGlobalSection
EndGlobal
