<?xml version="1.0" encoding="utf-8"?>
<Project ToolsVersion="4.0" xmlns="http://schemas.microsoft.com/developer/msbuild/2003">
  <ItemGroup>
    <Filter Include="src">
      <UniqueIdentifier>{820f246c-df7a-42a8-b1f7-2eaf1ed6553f}</UniqueIdentifier>
    </Filter>
    <Filter Include="res">
      <UniqueIdentifier>{54672db4-e45f-4da6-9e55-e08d51a8e346}</UniqueIdentifier>
    </Filter>
  </ItemGroup>
  <ItemGroup>
    <ClInclude Include="..\..\src\Test\CAbsTestCase.h">
      <Filter>src</Filter>
    </ClInclude>
    <ClInclude Include="..\..\src\Test\CAbsTestFrame.h">
      <Filter>src</Filter>
    </ClInclude>
    <ClInclude Include="..\..\src\Test\CComCase.h">
      <Filter>src</Filter>
    </ClInclude>
    <ClInclude Include="..\..\src\Test\CTestCaseFactory.h">
      <Filter>src</Filter>
    </ClInclude>
    <ClInclude Include="..\..\src\Test\stCmd.h">
      <Filter>src</Filter>
    </ClInclude>
    <ClInclude Include="..\..\src\TestFrameInc.h" />
    <ClInclude Include="resource.h">
      <Filter>res</Filter>
    </ClInclude>
  </ItemGroup>
  <ItemGroup>
    <ClCompile Include="..\..\src\Test\CAbsTestCase.cpp">
      <Filter>src</Filter>
    </ClCompile>
    <ClCompile Include="..\..\src\Test\CAbsTestFrame.cpp">
      <Filter>src</Filter>
    </ClCompile>
    <ClCompile Include="..\..\src\Test\CComCase.cpp">
      <Filter>src</Filter>
    </ClCompile>
    <ClCompile Include="..\..\src\Test\CTestCaseFactory.cpp">
      <Filter>src</Filter>
    </ClCompile>
  </ItemGroup>
  <ItemGroup>
    <ResourceCompile Include="LibTestFrame.rc">
      <Filter>res</Filter>
    </ResourceCompile>
  </ItemGroup>
</Project>