<?xml version="1.0" encoding="utf-8"?>
<Project ToolsVersion="4.0" xmlns="http://schemas.microsoft.com/developer/msbuild/2003">
  <ItemGroup>
    <Filter Include="src">
      <UniqueIdentifier>{e58e1e25-62f2-4906-b9c0-223074eb9d0d}</UniqueIdentifier>
    </Filter>
    <Filter Include="inc">
      <UniqueIdentifier>{d25e64ca-2905-4b92-9a15-772e4f7f7fea}</UniqueIdentifier>
    </Filter>
  </ItemGroup>
  <ItemGroup>
    <ClInclude Include="..\..\src\vmConsole\vmConsoleParams.h">
      <Filter>src</Filter>
    </ClInclude>
    <ClInclude Include="..\..\src\vmConsole\vmConsole.h">
      <Filter>inc</Filter>
    </ClInclude>
    <ClInclude Include="..\..\src\vmConsole\vmConsoleCaseFactory.h">
      <Filter>src</Filter>
    </ClInclude>
  </ItemGroup>
  <ItemGroup>
    <ClCompile Include="..\..\src\vmConsole\vmConsoleParams.cpp">
      <Filter>src</Filter>
    </ClCompile>
    <ClCompile Include="..\..\src\vmConsole\vmConsole.cpp">
      <Filter>src</Filter>
    </ClCompile>
    <ClCompile Include="..\..\src\vmConsole\vmConsoleCaseFactory.cpp">
      <Filter>src</Filter>
    </ClCompile>
  </ItemGroup>
</Project>