<?xml version="1.0" encoding="utf-8"?>
<Project ToolsVersion="4.0" xmlns="http://schemas.microsoft.com/developer/msbuild/2003">
  <ItemGroup>
    <Filter Include="资源文件">
      <UniqueIdentifier>{67DA6AB6-F800-4c08-8B7A-83BB121AAD01}</UniqueIdentifier>
      <Extensions>rc;ico;cur;bmp;dlg;rc2;rct;bin;rgs;gif;jpg;jpeg;jpe;resx;tiff;tif;png;wav;mfcribbon-ms</Extensions>
    </Filter>
    <Filter Include="inc">
      <UniqueIdentifier>{93995380-89BD-4b04-88EB-625FBE52EBFB}</UniqueIdentifier>
      <Extensions>h;hh;hpp;hxx;hm;inl;inc;ipp;xsd</Extensions>
    </Filter>
    <Filter Include="src">
      <UniqueIdentifier>{4FC737F1-C7A5-4376-A066-2A32D752A2FF}</UniqueIdentifier>
      <Extensions>cpp;c;cc;cxx;def;odl;idl;hpj;bat;asm;asmx</Extensions>
    </Filter>
    <Filter Include="inc\vmLibIPC">
      <UniqueIdentifier>{53ca9228-ea0e-4704-8fe2-4498315886de}</UniqueIdentifier>
    </Filter>
  </ItemGroup>
  <ItemGroup>
    <ClInclude Include="..\..\src\vmLibIPC\CLocker.hpp">
      <Filter>inc\vmLibIPC</Filter>
    </ClInclude>
    <ClInclude Include="..\..\src\vmLibIPC\CWinAtom.h">
      <Filter>inc\vmLibIPC</Filter>
    </ClInclude>
    <ClInclude Include="..\..\src\vmLibIPC\CWinCS.h">
      <Filter>inc\vmLibIPC</Filter>
    </ClInclude>
    <ClInclude Include="..\..\src\vmLibIPC\CWinEvent.h">
      <Filter>inc\vmLibIPC</Filter>
    </ClInclude>
    <ClInclude Include="..\..\src\vmLibIPC\CWinProc.h">
      <Filter>inc\vmLibIPC</Filter>
    </ClInclude>
    <ClInclude Include="..\..\src\vmLibIPC\CWinShm.h">
      <Filter>inc\vmLibIPC</Filter>
    </ClInclude>
    <ClInclude Include="..\..\src\vmLibIPC\CWinThrd.h">
      <Filter>inc\vmLibIPC</Filter>
    </ClInclude>
    <ClInclude Include="..\..\src\vmLibIPC\CWinWaitObj.h">
      <Filter>inc\vmLibIPC</Filter>
    </ClInclude>
    <ClInclude Include="..\..\src\vmLibIPC\CWinWaitObjs.h">
      <Filter>inc\vmLibIPC</Filter>
    </ClInclude>
    <ClInclude Include="..\..\src\vmLibIPC\CWinMutex.h">
      <Filter>inc\vmLibIPC</Filter>
    </ClInclude>
    <ClInclude Include="..\..\src\vmLibIPC\CWinTimer.h">
      <Filter>inc\vmLibIPC</Filter>
    </ClInclude>
    <ClInclude Include="..\..\src\vmLibIPC\CWinSema.h">
      <Filter>inc\vmLibIPC</Filter>
    </ClInclude>
    <ClInclude Include="..\..\src\vmLibIPC\CWinKernal.h">
      <Filter>inc\vmLibIPC</Filter>
    </ClInclude>
    <ClInclude Include="..\..\src\vmLibIPC\CWinConsole.h">
      <Filter>inc\vmLibIPC</Filter>
    </ClInclude>
  </ItemGroup>
  <ItemGroup>
    <ClCompile Include="..\..\src\vmLibIPC\CWinModule.cpp">
      <Filter>inc\vmLibIPC</Filter>
    </ClCompile>
  </ItemGroup>
</Project>