<?xml version="1.0" encoding="utf-8"?>
<Project ToolsVersion="4.0" xmlns="http://schemas.microsoft.com/developer/msbuild/2003">
  <ItemGroup>
    <Filter Include="源文件">
      <UniqueIdentifier>{4FC737F1-C7A5-4376-A066-2A32D752A2FF}</UniqueIdentifier>
      <Extensions>cpp;c;cc;cxx;def;odl;idl;hpj;bat;asm;asmx</Extensions>
    </Filter>
    <Filter Include="头文件">
      <UniqueIdentifier>{93995380-89BD-4b04-88EB-625FBE52EBFB}</UniqueIdentifier>
      <Extensions>h;hh;hpp;hxx;hm;inl;inc;ipp;xsd</Extensions>
    </Filter>
    <Filter Include="资源文件">
      <UniqueIdentifier>{67DA6AB6-F800-4c08-8B7A-83BB121AAD01}</UniqueIdentifier>
      <Extensions>rc;ico;cur;bmp;dlg;rc2;rct;bin;rgs;gif;jpg;jpeg;jpe;resx;tiff;tif;png;wav;mfcribbon-ms</Extensions>
    </Filter>
    <Filter Include="头文件\001 vmCfg">
      <UniqueIdentifier>{45fe00ca-b3dd-45c0-be02-d98bf9fb94f9}</UniqueIdentifier>
    </Filter>
    <Filter Include="头文件\002 vmTools">
      <UniqueIdentifier>{55a9a557-9bf5-4983-8602-cb511aa73ac7}</UniqueIdentifier>
    </Filter>
    <Filter Include="头文件\002 vmTools\CExp">
      <UniqueIdentifier>{65a0e4ed-5c47-4f0b-9b04-7c25b4137c4f}</UniqueIdentifier>
    </Filter>
    <Filter Include="头文件\002 vmTools\CBit">
      <UniqueIdentifier>{39db91bb-917e-4f05-b8b0-de4a3588d4b4}</UniqueIdentifier>
    </Filter>
    <Filter Include="头文件\002 vmTools\CFile">
      <UniqueIdentifier>{7af79fe5-aa32-45a9-909a-9a85ff6c8ad7}</UniqueIdentifier>
    </Filter>
    <Filter Include="头文件\002 vmTools\CIPC">
      <UniqueIdentifier>{e911a454-95a9-4a09-b8a9-e8cf4e14cc6d}</UniqueIdentifier>
    </Filter>
    <Filter Include="头文件\002 vmTools\COther">
      <UniqueIdentifier>{83aa19b0-c8ad-454e-93d9-bae538401097}</UniqueIdentifier>
    </Filter>
    <Filter Include="头文件\002 vmTools\CSystem">
      <UniqueIdentifier>{bede5b75-8d6a-4380-b60d-d6f77d878808}</UniqueIdentifier>
    </Filter>
    <Filter Include="头文件\002 vmTools\CTime">
      <UniqueIdentifier>{39a4f672-1638-4ccd-81e4-fd0df814fdda}</UniqueIdentifier>
    </Filter>
    <Filter Include="头文件\002 vmTools\CStds">
      <UniqueIdentifier>{c5013ca9-7ae1-47e5-bba4-ca0a3868164c}</UniqueIdentifier>
    </Filter>
    <Filter Include="头文件\002 vmTools\CError">
      <UniqueIdentifier>{15996c9d-5222-40ec-a285-d39938b9515b}</UniqueIdentifier>
    </Filter>
    <Filter Include="头文件\002 vmTools\CMemory">
      <UniqueIdentifier>{ab9c398e-76bd-4824-9842-8c1f132fd9ae}</UniqueIdentifier>
    </Filter>
    <Filter Include="头文件\002 vmTools\CString">
      <UniqueIdentifier>{6f7a92bf-56b7-4e34-bce3-a6e1b314695b}</UniqueIdentifier>
    </Filter>
    <Filter Include="头文件\002 vmTools\CTest">
      <UniqueIdentifier>{99600c20-309d-475f-a462-e168c9a3c409}</UniqueIdentifier>
    </Filter>
  </ItemGroup>
  <ItemGroup>
    <ClInclude Include="..\src\vmCfg\vmCfgDll.h">
      <Filter>头文件\001 vmCfg</Filter>
    </ClInclude>
    <ClInclude Include="..\src\vmCfg\vmCfgPlatform.h">
      <Filter>头文件\001 vmCfg</Filter>
    </ClInclude>
    <ClInclude Include="..\src\vmCfg\vmCfgtString.h">
      <Filter>头文件\001 vmCfg</Filter>
    </ClInclude>
    <ClInclude Include="..\src\vmCfg\vmCfgType.h">
      <Filter>头文件\001 vmCfg</Filter>
    </ClInclude>
    <ClInclude Include="..\src\vmTools\CString.hpp">
      <Filter>头文件\002 vmTools\CString</Filter>
    </ClInclude>
    <ClInclude Include="..\src\vmTools\CStringPtr.h">
      <Filter>头文件\002 vmTools\CString</Filter>
    </ClInclude>
    <ClInclude Include="..\src\vmTools\CMem.hpp">
      <Filter>头文件\002 vmTools\CMemory</Filter>
    </ClInclude>
    <ClInclude Include="..\src\vmTools\CMemPtr.h">
      <Filter>头文件\002 vmTools\CMemory</Filter>
    </ClInclude>
    <ClInclude Include="..\src\vmTools\CUnitTestFrame.h">
      <Filter>头文件\002 vmTools\CTest</Filter>
    </ClInclude>
    <ClInclude Include="..\src\vmTools\vmUtil.h">
      <Filter>头文件</Filter>
    </ClInclude>
    <ClInclude Include="..\src\vmTools\vmVerify.h">
      <Filter>头文件</Filter>
    </ClInclude>
    <ClInclude Include="..\src\vmLibBase\CWinApis.h">
      <Filter>头文件</Filter>
    </ClInclude>
  </ItemGroup>
</Project>