<?xml version="1.0" encoding="utf-8"?>
<Project ToolsVersion="4.0" xmlns="http://schemas.microsoft.com/developer/msbuild/2003">
  <ItemGroup>
    <Filter Include="src">
      <UniqueIdentifier>{0da3093e-29d9-4548-bbf3-ec39e5b07b67}</UniqueIdentifier>
    </Filter>
  </ItemGroup>
  <ItemGroup>
    <ClCompile Include="..\..\src\CBit.cpp">
      <Filter>src</Filter>
    </ClCompile>
    <ClCompile Include="..\..\src\CCppExp.cpp">
      <Filter>src</Filter>
    </ClCompile>
    <ClCompile Include="..\..\src\CErr.cpp">
      <Filter>src</Filter>
    </ClCompile>
    <ClCompile Include="..\..\src\CException.cpp">
      <Filter>src</Filter>
    </ClCompile>
    <ClCompile Include="..\..\src\CFile.cpp">
      <Filter>src</Filter>
    </ClCompile>
    <ClCompile Include="..\..\src\CMySqlExpTrack.cpp">
      <Filter>src</Filter>
    </ClCompile>
    <ClCompile Include="..\..\src\CTime.cpp">
      <Filter>src</Filter>
    </ClCompile>
    <ClCompile Include="..\..\src\CValue.cpp">
      <Filter>src</Filter>
    </ClCompile>
    <ClCompile Include="..\..\src\CWinCS.cpp">
      <Filter>src</Filter>
    </ClCompile>
    <ClCompile Include="..\..\src\CWinError.cpp">
      <Filter>src</Filter>
    </ClCompile>
    <ClCompile Include="..\..\src\CWinSeh.cpp">
      <Filter>src</Filter>
    </ClCompile>
    <ClCompile Include="..\..\src\CWinSehExp.cpp">
      <Filter>src</Filter>
    </ClCompile>
    <ClCompile Include="..\..\src\CAtom.cpp">
      <Filter>src</Filter>
    </ClCompile>
  </ItemGroup>
  <ItemGroup>
    <ClInclude Include="..\..\src\CBit.h">
      <Filter>src</Filter>
    </ClInclude>
    <ClInclude Include="..\..\src\CCppExp.h">
      <Filter>src</Filter>
    </ClInclude>
    <ClInclude Include="..\..\src\CErr.h">
      <Filter>src</Filter>
    </ClInclude>
    <ClInclude Include="..\..\src\CError.h">
      <Filter>src</Filter>
    </ClInclude>
    <ClInclude Include="..\..\src\CException.h">
      <Filter>src</Filter>
    </ClInclude>
    <ClInclude Include="..\..\src\CExpTrack.h">
      <Filter>src</Filter>
    </ClInclude>
    <ClInclude Include="..\..\src\CFile.h">
      <Filter>src</Filter>
    </ClInclude>
    <ClInclude Include="..\..\src\CMySqlExpTrack.h">
      <Filter>src</Filter>
    </ClInclude>
    <ClInclude Include="..\..\src\CMyString.h">
      <Filter>src</Filter>
    </ClInclude>
    <ClInclude Include="..\..\src\CSimpleMap.h">
      <Filter>src</Filter>
    </ClInclude>
    <ClInclude Include="..\..\src\CSingleTon.h">
      <Filter>src</Filter>
    </ClInclude>
    <ClInclude Include="..\..\src\CTime.h">
      <Filter>src</Filter>
    </ClInclude>
    <ClInclude Include="..\..\src\CValue.h">
      <Filter>src</Filter>
    </ClInclude>
    <ClInclude Include="..\..\src\CvmString.h">
      <Filter>src</Filter>
    </ClInclude>
    <ClInclude Include="..\..\src\CWinCS.h">
      <Filter>src</Filter>
    </ClInclude>
    <ClInclude Include="..\..\src\CWinErr.h">
      <Filter>src</Filter>
    </ClInclude>
    <ClInclude Include="..\..\src\CWinError.h">
      <Filter>src</Filter>
    </ClInclude>
    <ClInclude Include="..\..\src\CWinSeh.h">
      <Filter>src</Filter>
    </ClInclude>
    <ClInclude Include="..\..\src\CWinSehExp.h">
      <Filter>src</Filter>
    </ClInclude>
    <ClInclude Include="..\..\src\DllMacro.h">
      <Filter>src</Filter>
    </ClInclude>
    <ClInclude Include="..\..\src\VerifyDef.h">
      <Filter>src</Filter>
    </ClInclude>
    <ClInclude Include="..\..\src\CAtom.h">
      <Filter>src</Filter>
    </ClInclude>
  </ItemGroup>
</Project>